// !$*UTF8*$!
{
	archiveVersion = 1;
	classes = {
	};
	objectVersion = 46;
	objects = {

/* Begin PBXBuildFile section */
		87311C561F68FC010000BE65 /* CachableRequest.swift in Sources */ = {isa = PBXBuildFile; fileRef = 87311C551F68FC010000BE65 /* CachableRequest.swift */; };
		87311C581F68FDAD0000BE65 /* NSManagedObject+Common.swift in Sources */ = {isa = PBXBuildFile; fileRef = 87311C571F68FDAD0000BE65 /* NSManagedObject+Common.swift */; };
		CE04F1381E02B50200F59E60 /* DataModel.xcdatamodeld in Sources */ = {isa = PBXBuildFile; fileRef = CE04F1361E02B50200F59E60 /* DataModel.xcdatamodeld */; };
		CE04F13A1E02B50D00F59E60 /* DataModel.swift in Sources */ = {isa = PBXBuildFile; fileRef = CE04F1391E02B50D00F59E60 /* DataModel.swift */; };
		CE04F1461E02D31500F59E60 /* User+CoreDataClass.swift in Sources */ = {isa = PBXBuildFile; fileRef = CE04F1441E02D31500F59E60 /* User+CoreDataClass.swift */; };
		CE04F1471E02D31500F59E60 /* User+CoreDataProperties.swift in Sources */ = {isa = PBXBuildFile; fileRef = CE04F1451E02D31500F59E60 /* User+CoreDataProperties.swift */; };
		CE04F1491E02D35100F59E60 /* HTTPBinPostRequest.swift in Sources */ = {isa = PBXBuildFile; fileRef = CE04F1481E02D35100F59E60 /* HTTPBinPostRequest.swift */; };
		CE04F14F1E04212200F59E60 /* HTTPBinUtf8Request.swift in Sources */ = {isa = PBXBuildFile; fileRef = CE04F14E1E04212200F59E60 /* HTTPBinUtf8Request.swift */; };
		CE3FA2F51FF244D700BBE662 /* ErrorParser.swift in Sources */ = {isa = PBXBuildFile; fileRef = CE3FA2F41FF244D700BBE662 /* ErrorParser.swift */; };
		CE4E78D11F68F76F00B9E1E8 /* CacheRequestHandler.swift in Sources */ = {isa = PBXBuildFile; fileRef = CE4E78D01F68F76F00B9E1E8 /* CacheRequestHandler.swift */; };
		CE67BE0B1E02990B00133263 /* AppDelegate.swift in Sources */ = {isa = PBXBuildFile; fileRef = CE67BE0A1E02990B00133263 /* AppDelegate.swift */; };
		CE67BE0D1E02990B00133263 /* ViewController.swift in Sources */ = {isa = PBXBuildFile; fileRef = CE67BE0C1E02990B00133263 /* ViewController.swift */; };
		CE67BE101E02990B00133263 /* Main.storyboard in Resources */ = {isa = PBXBuildFile; fileRef = CE67BE0E1E02990B00133263 /* Main.storyboard */; };
		CE67BE121E02990B00133263 /* Assets.xcassets in Resources */ = {isa = PBXBuildFile; fileRef = CE67BE111E02990B00133263 /* Assets.xcassets */; };
		CE67BE151E02990B00133263 /* LaunchScreen.storyboard in Resources */ = {isa = PBXBuildFile; fileRef = CE67BE131E02990B00133263 /* LaunchScreen.storyboard */; };
		CE67BE201E02990B00133263 /* Dispatcher_Core_DataTests.swift in Sources */ = {isa = PBXBuildFile; fileRef = CE67BE1F1E02990B00133263 /* Dispatcher_Core_DataTests.swift */; };
		CE67BE2B1E02990B00133263 /* Dispatcher_Core_DataUITests.swift in Sources */ = {isa = PBXBuildFile; fileRef = CE67BE2A1E02990B00133263 /* Dispatcher_Core_DataUITests.swift */; };
		CE67BE591E0299B500133263 /* DepotRequestHandler.swift in Sources */ = {isa = PBXBuildFile; fileRef = CE67BE531E0299B500133263 /* DepotRequestHandler.swift */; };
		CE67BE5A1E0299B500133263 /* Dispatcher-info.plist in Resources */ = {isa = PBXBuildFile; fileRef = CE67BE541E0299B500133263 /* Dispatcher-info.plist */; };
		CE67BE5B1E0299B500133263 /* Dispatcher.swift in Sources */ = {isa = PBXBuildFile; fileRef = CE67BE551E0299B500133263 /* Dispatcher.swift */; };
		CE67BE5C1E0299B500133263 /* Request.swift in Sources */ = {isa = PBXBuildFile; fileRef = CE67BE561E0299B500133263 /* Request.swift */; };
		CE67BE5D1E0299B500133263 /* RequestHandler.swift in Sources */ = {isa = PBXBuildFile; fileRef = CE67BE571E0299B500133263 /* RequestHandler.swift */; };
		CE67BE5E1E0299B500133263 /* ServiceRequestHandler.swift in Sources */ = {isa = PBXBuildFile; fileRef = CE67BE581E0299B500133263 /* ServiceRequestHandler.swift */; };
/* End PBXBuildFile section */

/* Begin PBXContainerItemProxy section */
		CE67BE1C1E02990B00133263 /* PBXContainerItemProxy */ = {
			isa = PBXContainerItemProxy;
			containerPortal = CE67BDFF1E02990B00133263 /* Project object */;
			proxyType = 1;
			remoteGlobalIDString = CE67BE061E02990B00133263;
			remoteInfo = "Dispatcher-Core-Data";
		};
		CE67BE271E02990B00133263 /* PBXContainerItemProxy */ = {
			isa = PBXContainerItemProxy;
			containerPortal = CE67BDFF1E02990B00133263 /* Project object */;
			proxyType = 1;
			remoteGlobalIDString = CE67BE061E02990B00133263;
			remoteInfo = "Dispatcher-Core-Data";
		};
/* End PBXContainerItemProxy section */

/* Begin PBXFileReference section */
		87311C551F68FC010000BE65 /* CachableRequest.swift */ = {isa = PBXFileReference; fileEncoding = 4; lastKnownFileType = sourcecode.swift; path = CachableRequest.swift; sourceTree = "<group>"; };
		87311C571F68FDAD0000BE65 /* NSManagedObject+Common.swift */ = {isa = PBXFileReference; fileEncoding = 4; lastKnownFileType = sourcecode.swift; path = "NSManagedObject+Common.swift"; sourceTree = "<group>"; };
		CE04F1371E02B50200F59E60 /* DataModel.xcdatamodel */ = {isa = PBXFileReference; lastKnownFileType = wrapper.xcdatamodel; path = DataModel.xcdatamodel; sourceTree = "<group>"; };
		CE04F1391E02B50D00F59E60 /* DataModel.swift */ = {isa = PBXFileReference; fileEncoding = 4; lastKnownFileType = sourcecode.swift; path = DataModel.swift; sourceTree = "<group>"; };
		CE04F1441E02D31500F59E60 /* User+CoreDataClass.swift */ = {isa = PBXFileReference; fileEncoding = 4; lastKnownFileType = sourcecode.swift; path = "User+CoreDataClass.swift"; sourceTree = "<group>"; };
		CE04F1451E02D31500F59E60 /* User+CoreDataProperties.swift */ = {isa = PBXFileReference; fileEncoding = 4; lastKnownFileType = sourcecode.swift; path = "User+CoreDataProperties.swift"; sourceTree = "<group>"; };
		CE04F1481E02D35100F59E60 /* HTTPBinPostRequest.swift */ = {isa = PBXFileReference; fileEncoding = 4; lastKnownFileType = sourcecode.swift; path = HTTPBinPostRequest.swift; sourceTree = "<group>"; };
		CE04F14E1E04212200F59E60 /* HTTPBinUtf8Request.swift */ = {isa = PBXFileReference; fileEncoding = 4; lastKnownFileType = sourcecode.swift; path = HTTPBinUtf8Request.swift; sourceTree = "<group>"; };
		CE3FA2F41FF244D700BBE662 /* ErrorParser.swift */ = {isa = PBXFileReference; lastKnownFileType = sourcecode.swift; path = ErrorParser.swift; sourceTree = "<group>"; };
		CE4E78D01F68F76F00B9E1E8 /* CacheRequestHandler.swift */ = {isa = PBXFileReference; fileEncoding = 4; lastKnownFileType = sourcecode.swift; path = CacheRequestHandler.swift; sourceTree = "<group>"; };
		CE67BE071E02990B00133263 /* Dispatcher-Core-Data.app */ = {isa = PBXFileReference; explicitFileType = wrapper.application; includeInIndex = 0; path = "Dispatcher-Core-Data.app"; sourceTree = BUILT_PRODUCTS_DIR; };
		CE67BE0A1E02990B00133263 /* AppDelegate.swift */ = {isa = PBXFileReference; lastKnownFileType = sourcecode.swift; path = AppDelegate.swift; sourceTree = "<group>"; };
		CE67BE0C1E02990B00133263 /* ViewController.swift */ = {isa = PBXFileReference; lastKnownFileType = sourcecode.swift; path = ViewController.swift; sourceTree = "<group>"; };
		CE67BE0F1E02990B00133263 /* Base */ = {isa = PBXFileReference; lastKnownFileType = file.storyboard; name = Base; path = Base.lproj/Main.storyboard; sourceTree = "<group>"; };
		CE67BE111E02990B00133263 /* Assets.xcassets */ = {isa = PBXFileReference; lastKnownFileType = folder.assetcatalog; path = Assets.xcassets; sourceTree = "<group>"; };
		CE67BE141E02990B00133263 /* Base */ = {isa = PBXFileReference; lastKnownFileType = file.storyboard; name = Base; path = Base.lproj/LaunchScreen.storyboard; sourceTree = "<group>"; };
		CE67BE161E02990B00133263 /* Info.plist */ = {isa = PBXFileReference; lastKnownFileType = text.plist.xml; path = Info.plist; sourceTree = "<group>"; };
		CE67BE1B1E02990B00133263 /* Dispatcher-Core-DataTests.xctest */ = {isa = PBXFileReference; explicitFileType = wrapper.cfbundle; includeInIndex = 0; path = "Dispatcher-Core-DataTests.xctest"; sourceTree = BUILT_PRODUCTS_DIR; };
		CE67BE1F1E02990B00133263 /* Dispatcher_Core_DataTests.swift */ = {isa = PBXFileReference; lastKnownFileType = sourcecode.swift; path = Dispatcher_Core_DataTests.swift; sourceTree = "<group>"; };
		CE67BE211E02990B00133263 /* Info.plist */ = {isa = PBXFileReference; lastKnownFileType = text.plist.xml; path = Info.plist; sourceTree = "<group>"; };
		CE67BE261E02990B00133263 /* Dispatcher-Core-DataUITests.xctest */ = {isa = PBXFileReference; explicitFileType = wrapper.cfbundle; includeInIndex = 0; path = "Dispatcher-Core-DataUITests.xctest"; sourceTree = BUILT_PRODUCTS_DIR; };
		CE67BE2A1E02990B00133263 /* Dispatcher_Core_DataUITests.swift */ = {isa = PBXFileReference; lastKnownFileType = sourcecode.swift; path = Dispatcher_Core_DataUITests.swift; sourceTree = "<group>"; };
		CE67BE2C1E02990B00133263 /* Info.plist */ = {isa = PBXFileReference; lastKnownFileType = text.plist.xml; path = Info.plist; sourceTree = "<group>"; };
		CE67BE531E0299B500133263 /* DepotRequestHandler.swift */ = {isa = PBXFileReference; fileEncoding = 4; lastKnownFileType = sourcecode.swift; path = DepotRequestHandler.swift; sourceTree = "<group>"; };
		CE67BE541E0299B500133263 /* Dispatcher-info.plist */ = {isa = PBXFileReference; fileEncoding = 4; lastKnownFileType = text.plist.xml; path = "Dispatcher-info.plist"; sourceTree = "<group>"; };
		CE67BE551E0299B500133263 /* Dispatcher.swift */ = {isa = PBXFileReference; fileEncoding = 4; lastKnownFileType = sourcecode.swift; path = Dispatcher.swift; sourceTree = "<group>"; };
		CE67BE561E0299B500133263 /* Request.swift */ = {isa = PBXFileReference; fileEncoding = 4; lastKnownFileType = sourcecode.swift; path = Request.swift; sourceTree = "<group>"; };
		CE67BE571E0299B500133263 /* RequestHandler.swift */ = {isa = PBXFileReference; fileEncoding = 4; lastKnownFileType = sourcecode.swift; path = RequestHandler.swift; sourceTree = "<group>"; };
		CE67BE581E0299B500133263 /* ServiceRequestHandler.swift */ = {isa = PBXFileReference; fileEncoding = 4; lastKnownFileType = sourcecode.swift; path = ServiceRequestHandler.swift; sourceTree = "<group>"; };
/* End PBXFileReference section */

/* Begin PBXFrameworksBuildPhase section */
		CE67BE041E02990B00133263 /* Frameworks */ = {
			isa = PBXFrameworksBuildPhase;
			buildActionMask = 2147483647;
			files = (
			);
			runOnlyForDeploymentPostprocessing = 0;
		};
		CE67BE181E02990B00133263 /* Frameworks */ = {
			isa = PBXFrameworksBuildPhase;
			buildActionMask = 2147483647;
			files = (
			);
			runOnlyForDeploymentPostprocessing = 0;
		};
		CE67BE231E02990B00133263 /* Frameworks */ = {
			isa = PBXFrameworksBuildPhase;
			buildActionMask = 2147483647;
			files = (
			);
			runOnlyForDeploymentPostprocessing = 0;
		};
/* End PBXFrameworksBuildPhase section */

/* Begin PBXGroup section */
		CE04F13F1E02CE9D00F59E60 /* Entities */ = {
			isa = PBXGroup;
			children = (
				CE04F1441E02D31500F59E60 /* User+CoreDataClass.swift */,
				CE04F1451E02D31500F59E60 /* User+CoreDataProperties.swift */,
			);
			path = Entities;
			sourceTree = "<group>";
		};
		CE67BDFE1E02990B00133263 = {
			isa = PBXGroup;
			children = (
				CE67BE091E02990B00133263 /* Dispatcher-Core-Data */,
				CE67BE1E1E02990B00133263 /* Dispatcher-Core-DataTests */,
				CE67BE291E02990B00133263 /* Dispatcher-Core-DataUITests */,
				CE67BE081E02990B00133263 /* Products */,
			);
			sourceTree = "<group>";
		};
		CE67BE081E02990B00133263 /* Products */ = {
			isa = PBXGroup;
			children = (
				CE67BE071E02990B00133263 /* Dispatcher-Core-Data.app */,
				CE67BE1B1E02990B00133263 /* Dispatcher-Core-DataTests.xctest */,
				CE67BE261E02990B00133263 /* Dispatcher-Core-DataUITests.xctest */,
			);
			name = Products;
			sourceTree = "<group>";
		};
		CE67BE091E02990B00133263 /* Dispatcher-Core-Data */ = {
			isa = PBXGroup;
			children = (
				CE67BE0A1E02990B00133263 /* AppDelegate.swift */,
				CE67BE0C1E02990B00133263 /* ViewController.swift */,
				CE67BE0E1E02990B00133263 /* Main.storyboard */,
				CE67BE111E02990B00133263 /* Assets.xcassets */,
				CE67BE131E02990B00133263 /* LaunchScreen.storyboard */,
				CE67BE161E02990B00133263 /* Info.plist */,
				CE67BE601E0299ED00133263 /* DataModel */,
				CE67BE5F1E0299E500133263 /* Requests */,
				CE67BE521E0299B500133263 /* Dispatcher */,
			);
			path = "Dispatcher-Core-Data";
			sourceTree = "<group>";
		};
		CE67BE1E1E02990B00133263 /* Dispatcher-Core-DataTests */ = {
			isa = PBXGroup;
			children = (
				CE67BE1F1E02990B00133263 /* Dispatcher_Core_DataTests.swift */,
				CE67BE211E02990B00133263 /* Info.plist */,
			);
			path = "Dispatcher-Core-DataTests";
			sourceTree = "<group>";
		};
		CE67BE291E02990B00133263 /* Dispatcher-Core-DataUITests */ = {
			isa = PBXGroup;
			children = (
				CE67BE2A1E02990B00133263 /* Dispatcher_Core_DataUITests.swift */,
				CE67BE2C1E02990B00133263 /* Info.plist */,
			);
			path = "Dispatcher-Core-DataUITests";
			sourceTree = "<group>";
		};
		CE67BE521E0299B500133263 /* Dispatcher */ = {
			isa = PBXGroup;
			children = (
				CE67BE541E0299B500133263 /* Dispatcher-info.plist */,
				CE67BE551E0299B500133263 /* Dispatcher.swift */,
				CE67BE561E0299B500133263 /* Request.swift */,
				CE67BE571E0299B500133263 /* RequestHandler.swift */,
				CE67BE531E0299B500133263 /* DepotRequestHandler.swift */,
				CE4E78D01F68F76F00B9E1E8 /* CacheRequestHandler.swift */,
				CE67BE581E0299B500133263 /* ServiceRequestHandler.swift */,
				87311C551F68FC010000BE65 /* CachableRequest.swift */,
				CE3FA2F41FF244D700BBE662 /* ErrorParser.swift */,
			);
			name = Dispatcher;
			path = ../../../../Dispatcher;
			sourceTree = "<group>";
		};
		CE67BE5F1E0299E500133263 /* Requests */ = {
			isa = PBXGroup;
			children = (
				CE04F1481E02D35100F59E60 /* HTTPBinPostRequest.swift */,
				CE04F14E1E04212200F59E60 /* HTTPBinUtf8Request.swift */,
			);
			path = Requests;
			sourceTree = "<group>";
		};
		CE67BE601E0299ED00133263 /* DataModel */ = {
			isa = PBXGroup;
			children = (
				CE04F1361E02B50200F59E60 /* DataModel.xcdatamodeld */,
				CE04F1391E02B50D00F59E60 /* DataModel.swift */,
				87311C571F68FDAD0000BE65 /* NSManagedObject+Common.swift */,
				CE04F13F1E02CE9D00F59E60 /* Entities */,
			);
			path = DataModel;
			sourceTree = "<group>";
		};
/* End PBXGroup section */

/* Begin PBXNativeTarget section */
		CE67BE061E02990B00133263 /* Dispatcher-Core-Data */ = {
			isa = PBXNativeTarget;
			buildConfigurationList = CE67BE2F1E02990B00133263 /* Build configuration list for PBXNativeTarget "Dispatcher-Core-Data" */;
			buildPhases = (
				CE67BE031E02990B00133263 /* Sources */,
				CE67BE041E02990B00133263 /* Frameworks */,
				CE67BE051E02990B00133263 /* Resources */,
			);
			buildRules = (
			);
			dependencies = (
			);
			name = "Dispatcher-Core-Data";
			productName = "Dispatcher-Core-Data";
			productReference = CE67BE071E02990B00133263 /* Dispatcher-Core-Data.app */;
			productType = "com.apple.product-type.application";
		};
		CE67BE1A1E02990B00133263 /* Dispatcher-Core-DataTests */ = {
			isa = PBXNativeTarget;
			buildConfigurationList = CE67BE321E02990B00133263 /* Build configuration list for PBXNativeTarget "Dispatcher-Core-DataTests" */;
			buildPhases = (
				CE67BE171E02990B00133263 /* Sources */,
				CE67BE181E02990B00133263 /* Frameworks */,
				CE67BE191E02990B00133263 /* Resources */,
			);
			buildRules = (
			);
			dependencies = (
				CE67BE1D1E02990B00133263 /* PBXTargetDependency */,
			);
			name = "Dispatcher-Core-DataTests";
			productName = "Dispatcher-Core-DataTests";
			productReference = CE67BE1B1E02990B00133263 /* Dispatcher-Core-DataTests.xctest */;
			productType = "com.apple.product-type.bundle.unit-test";
		};
		CE67BE251E02990B00133263 /* Dispatcher-Core-DataUITests */ = {
			isa = PBXNativeTarget;
			buildConfigurationList = CE67BE351E02990B00133263 /* Build configuration list for PBXNativeTarget "Dispatcher-Core-DataUITests" */;
			buildPhases = (
				CE67BE221E02990B00133263 /* Sources */,
				CE67BE231E02990B00133263 /* Frameworks */,
				CE67BE241E02990B00133263 /* Resources */,
			);
			buildRules = (
			);
			dependencies = (
				CE67BE281E02990B00133263 /* PBXTargetDependency */,
			);
			name = "Dispatcher-Core-DataUITests";
			productName = "Dispatcher-Core-DataUITests";
			productReference = CE67BE261E02990B00133263 /* Dispatcher-Core-DataUITests.xctest */;
			productType = "com.apple.product-type.bundle.ui-testing";
		};
/* End PBXNativeTarget section */

/* Begin PBXProject section */
		CE67BDFF1E02990B00133263 /* Project object */ = {
			isa = PBXProject;
			attributes = {
				LastSwiftUpdateCheck = 0810;
				LastUpgradeCheck = 0920;
				ORGANIZATIONNAME = "Nick Savula";
				TargetAttributes = {
					CE67BE061E02990B00133263 = {
						CreatedOnToolsVersion = 8.1;
						LastSwiftMigration = 0920;
						ProvisioningStyle = Automatic;
					};
					CE67BE1A1E02990B00133263 = {
						CreatedOnToolsVersion = 8.1;
						LastSwiftMigration = 0920;
						ProvisioningStyle = Automatic;
						TestTargetID = CE67BE061E02990B00133263;
					};
					CE67BE251E02990B00133263 = {
						CreatedOnToolsVersion = 8.1;
						LastSwiftMigration = 0920;
						ProvisioningStyle = Automatic;
						TestTargetID = CE67BE061E02990B00133263;
					};
				};
			};
			buildConfigurationList = CE67BE021E02990B00133263 /* Build configuration list for PBXProject "Dispatcher-Core-Data" */;
			compatibilityVersion = "Xcode 3.2";
			developmentRegion = English;
			hasScannedForEncodings = 0;
			knownRegions = (
				en,
				Base,
			);
			mainGroup = CE67BDFE1E02990B00133263;
			productRefGroup = CE67BE081E02990B00133263 /* Products */;
			projectDirPath = "";
			projectRoot = "";
			targets = (
				CE67BE061E02990B00133263 /* Dispatcher-Core-Data */,
				CE67BE1A1E02990B00133263 /* Dispatcher-Core-DataTests */,
				CE67BE251E02990B00133263 /* Dispatcher-Core-DataUITests */,
			);
		};
/* End PBXProject section */

/* Begin PBXResourcesBuildPhase section */
		CE67BE051E02990B00133263 /* Resources */ = {
			isa = PBXResourcesBuildPhase;
			buildActionMask = 2147483647;
			files = (
				CE67BE151E02990B00133263 /* LaunchScreen.storyboard in Resources */,
				CE67BE121E02990B00133263 /* Assets.xcassets in Resources */,
				CE67BE101E02990B00133263 /* Main.storyboard in Resources */,
				CE67BE5A1E0299B500133263 /* Dispatcher-info.plist in Resources */,
			);
			runOnlyForDeploymentPostprocessing = 0;
		};
		CE67BE191E02990B00133263 /* Resources */ = {
			isa = PBXResourcesBuildPhase;
			buildActionMask = 2147483647;
			files = (
			);
			runOnlyForDeploymentPostprocessing = 0;
		};
		CE67BE241E02990B00133263 /* Resources */ = {
			isa = PBXResourcesBuildPhase;
			buildActionMask = 2147483647;
			files = (
			);
			runOnlyForDeploymentPostprocessing = 0;
		};
/* End PBXResourcesBuildPhase section */

/* Begin PBXSourcesBuildPhase section */
		CE67BE031E02990B00133263 /* Sources */ = {
			isa = PBXSourcesBuildPhase;
			buildActionMask = 2147483647;
			files = (
				87311C581F68FDAD0000BE65 /* NSManagedObject+Common.swift in Sources */,
				87311C561F68FC010000BE65 /* CachableRequest.swift in Sources */,
				CE67BE591E0299B500133263 /* DepotRequestHandler.swift in Sources */,
				CE04F1381E02B50200F59E60 /* DataModel.xcdatamodeld in Sources */,
				CE67BE0D1E02990B00133263 /* ViewController.swift in Sources */,
				CE67BE5E1E0299B500133263 /* ServiceRequestHandler.swift in Sources */,
				CE04F1461E02D31500F59E60 /* User+CoreDataClass.swift in Sources */,
				CE67BE5D1E0299B500133263 /* RequestHandler.swift in Sources */,
				CE67BE5C1E0299B500133263 /* Request.swift in Sources */,
				CE04F1471E02D31500F59E60 /* User+CoreDataProperties.swift in Sources */,
				CE67BE5B1E0299B500133263 /* Dispatcher.swift in Sources */,
				CE04F13A1E02B50D00F59E60 /* DataModel.swift in Sources */,
				CE3FA2F51FF244D700BBE662 /* ErrorParser.swift in Sources */,
				CE67BE0B1E02990B00133263 /* AppDelegate.swift in Sources */,
				CE4E78D11F68F76F00B9E1E8 /* CacheRequestHandler.swift in Sources */,
				CE04F1491E02D35100F59E60 /* HTTPBinPostRequest.swift in Sources */,
				CE04F14F1E04212200F59E60 /* HTTPBinUtf8Request.swift in Sources */,
			);
			runOnlyForDeploymentPostprocessing = 0;
		};
		CE67BE171E02990B00133263 /* Sources */ = {
			isa = PBXSourcesBuildPhase;
			buildActionMask = 2147483647;
			files = (
				CE67BE201E02990B00133263 /* Dispatcher_Core_DataTests.swift in Sources */,
			);
			runOnlyForDeploymentPostprocessing = 0;
		};
		CE67BE221E02990B00133263 /* Sources */ = {
			isa = PBXSourcesBuildPhase;
			buildActionMask = 2147483647;
			files = (
				CE67BE2B1E02990B00133263 /* Dispatcher_Core_DataUITests.swift in Sources */,
			);
			runOnlyForDeploymentPostprocessing = 0;
		};
/* End PBXSourcesBuildPhase section */

/* Begin PBXTargetDependency section */
		CE67BE1D1E02990B00133263 /* PBXTargetDependency */ = {
			isa = PBXTargetDependency;
			target = CE67BE061E02990B00133263 /* Dispatcher-Core-Data */;
			targetProxy = CE67BE1C1E02990B00133263 /* PBXContainerItemProxy */;
		};
		CE67BE281E02990B00133263 /* PBXTargetDependency */ = {
			isa = PBXTargetDependency;
			target = CE67BE061E02990B00133263 /* Dispatcher-Core-Data */;
			targetProxy = CE67BE271E02990B00133263 /* PBXContainerItemProxy */;
		};
/* End PBXTargetDependency section */

/* Begin PBXVariantGroup section */
		CE67BE0E1E02990B00133263 /* Main.storyboard */ = {
			isa = PBXVariantGroup;
			children = (
				CE67BE0F1E02990B00133263 /* Base */,
			);
			name = Main.storyboard;
			sourceTree = "<group>";
		};
		CE67BE131E02990B00133263 /* LaunchScreen.storyboard */ = {
			isa = PBXVariantGroup;
			children = (
				CE67BE141E02990B00133263 /* Base */,
			);
			name = LaunchScreen.storyboard;
			sourceTree = "<group>";
		};
/* End PBXVariantGroup section */

/* Begin XCBuildConfiguration section */
		CE67BE2D1E02990B00133263 /* Debug */ = {
			isa = XCBuildConfiguration;
			buildSettings = {
				ALWAYS_SEARCH_USER_PATHS = NO;
				CLANG_ANALYZER_LOCALIZABILITY_EMPTY_CONTEXT = YES;
				CLANG_ANALYZER_LOCALIZABILITY_NONLOCALIZED = YES;
				CLANG_ANALYZER_NONNULL = YES;
				CLANG_ANALYZER_SECURITY_FLOATLOOPCOUNTER = YES;
				CLANG_ANALYZER_SECURITY_INSECUREAPI_RAND = YES;
				CLANG_ANALYZER_SECURITY_INSECUREAPI_STRCPY = YES;
				CLANG_CXX_LANGUAGE_STANDARD = "gnu++0x";
				CLANG_CXX_LIBRARY = "libc++";
				CLANG_ENABLE_MODULES = YES;
				CLANG_ENABLE_OBJC_ARC = YES;
				CLANG_WARN_ASSIGN_ENUM = YES;
				CLANG_WARN_BLOCK_CAPTURE_AUTORELEASING = YES;
				CLANG_WARN_BOOL_CONVERSION = YES;
				CLANG_WARN_COMMA = YES;
				CLANG_WARN_CONSTANT_CONVERSION = YES;
				CLANG_WARN_CXX0X_EXTENSIONS = YES;
				CLANG_WARN_DEPRECATED_OBJC_IMPLEMENTATIONS = YES;
				CLANG_WARN_DIRECT_OBJC_ISA_USAGE = YES_ERROR;
				CLANG_WARN_DOCUMENTATION_COMMENTS = YES;
				CLANG_WARN_EMPTY_BODY = YES;
				CLANG_WARN_ENUM_CONVERSION = YES;
				CLANG_WARN_IMPLICIT_SIGN_CONVERSION = YES;
				CLANG_WARN_INFINITE_RECURSION = YES;
				CLANG_WARN_INT_CONVERSION = YES;
				CLANG_WARN_OBJC_EXPLICIT_OWNERSHIP_TYPE = YES;
				CLANG_WARN_OBJC_IMPLICIT_ATOMIC_PROPERTIES = YES;
				CLANG_WARN_OBJC_IMPLICIT_RETAIN_SELF = YES;
				CLANG_WARN_OBJC_MISSING_PROPERTY_SYNTHESIS = YES;
				CLANG_WARN_OBJC_REPEATED_USE_OF_WEAK = YES;
				CLANG_WARN_OBJC_ROOT_CLASS = YES_ERROR;
				CLANG_WARN_RANGE_LOOP_ANALYSIS = YES;
				CLANG_WARN_STRICT_PROTOTYPES = YES;
				CLANG_WARN_SUSPICIOUS_IMPLICIT_CONVERSION = YES;
				CLANG_WARN_SUSPICIOUS_MOVE = YES;
				CLANG_WARN_SUSPICIOUS_MOVES = YES;
				CLANG_WARN_UNREACHABLE_CODE = YES;
				CLANG_WARN__DUPLICATE_METHOD_MATCH = YES;
				CLANG_WARN__EXIT_TIME_DESTRUCTORS = YES;
				"CODE_SIGN_IDENTITY[sdk=iphoneos*]" = "iPhone Developer";
				COPY_PHASE_STRIP = NO;
				DEBUG_INFORMATION_FORMAT = dwarf;
				ENABLE_STRICT_OBJC_MSGSEND = YES;
				ENABLE_TESTABILITY = YES;
				GCC_C_LANGUAGE_STANDARD = gnu99;
				GCC_DYNAMIC_NO_PIC = NO;
				GCC_NO_COMMON_BLOCKS = YES;
				GCC_OPTIMIZATION_LEVEL = 0;
				GCC_PREPROCESSOR_DEFINITIONS = (
					"DEBUG=1",
					"$(inherited)",
				);
				GCC_TREAT_IMPLICIT_FUNCTION_DECLARATIONS_AS_ERRORS = YES;
				GCC_TREAT_INCOMPATIBLE_POINTER_TYPE_WARNINGS_AS_ERRORS = YES;
				GCC_TREAT_WARNINGS_AS_ERRORS = YES;
				GCC_WARN_64_TO_32_BIT_CONVERSION = YES;
				GCC_WARN_ABOUT_MISSING_FIELD_INITIALIZERS = YES;
				GCC_WARN_ABOUT_MISSING_NEWLINE = YES;
				GCC_WARN_ABOUT_MISSING_PROTOTYPES = YES;
				GCC_WARN_ABOUT_RETURN_TYPE = YES_ERROR;
				GCC_WARN_FOUR_CHARACTER_CONSTANTS = YES;
				GCC_WARN_HIDDEN_VIRTUAL_FUNCTIONS = YES;
				GCC_WARN_INHIBIT_ALL_WARNINGS = YES;
				GCC_WARN_INITIALIZER_NOT_FULLY_BRACKETED = YES;
				GCC_WARN_NON_VIRTUAL_DESTRUCTOR = YES;
				GCC_WARN_PEDANTIC = YES;
				GCC_WARN_SHADOW = YES;
				GCC_WARN_SIGN_COMPARE = YES;
				GCC_WARN_STRICT_SELECTOR_MATCH = YES;
				GCC_WARN_UNDECLARED_SELECTOR = YES;
				GCC_WARN_UNINITIALIZED_AUTOS = YES_AGGRESSIVE;
				GCC_WARN_UNKNOWN_PRAGMAS = YES;
				GCC_WARN_UNUSED_FUNCTION = YES;
				GCC_WARN_UNUSED_LABEL = YES;
				GCC_WARN_UNUSED_PARAMETER = YES;
				GCC_WARN_UNUSED_VARIABLE = YES;
				IPHONEOS_DEPLOYMENT_TARGET = 10.1;
				MOMC_NO_DELETE_RULE_WARNINGS = NO;
				MOMC_NO_WARNINGS = NO;
				MOMC_SUPPRESS_INVERSE_TRANSIENT_ERROR = NO;
				MTL_ENABLE_DEBUG_INFO = YES;
				ONLY_ACTIVE_ARCH = YES;
				RUN_CLANG_STATIC_ANALYZER = YES;
				SDKROOT = iphoneos;
				SWIFT_ACTIVE_COMPILATION_CONDITIONS = DEBUG;
				SWIFT_OPTIMIZATION_LEVEL = "-Onone";
				SWIFT_TREAT_WARNINGS_AS_ERRORS = YES;
				TARGETED_DEVICE_FAMILY = "1,2";
			};
			name = Debug;
		};
		CE67BE2E1E02990B00133263 /* Release */ = {
			isa = XCBuildConfiguration;
			buildSettings = {
				ALWAYS_SEARCH_USER_PATHS = NO;
				CLANG_ANALYZER_LOCALIZABILITY_EMPTY_CONTEXT = YES;
				CLANG_ANALYZER_LOCALIZABILITY_NONLOCALIZED = YES;
				CLANG_ANALYZER_NONNULL = YES;
				CLANG_ANALYZER_SECURITY_FLOATLOOPCOUNTER = YES;
				CLANG_ANALYZER_SECURITY_INSECUREAPI_RAND = YES;
				CLANG_ANALYZER_SECURITY_INSECUREAPI_STRCPY = YES;
				CLANG_CXX_LANGUAGE_STANDARD = "gnu++0x";
				CLANG_CXX_LIBRARY = "libc++";
				CLANG_ENABLE_MODULES = YES;
				CLANG_ENABLE_OBJC_ARC = YES;
				CLANG_WARN_ASSIGN_ENUM = YES;
				CLANG_WARN_BLOCK_CAPTURE_AUTORELEASING = YES;
				CLANG_WARN_BOOL_CONVERSION = YES;
				CLANG_WARN_COMMA = YES;
				CLANG_WARN_CONSTANT_CONVERSION = YES;
				CLANG_WARN_CXX0X_EXTENSIONS = YES;
				CLANG_WARN_DEPRECATED_OBJC_IMPLEMENTATIONS = YES;
				CLANG_WARN_DIRECT_OBJC_ISA_USAGE = YES_ERROR;
				CLANG_WARN_DOCUMENTATION_COMMENTS = YES;
				CLANG_WARN_EMPTY_BODY = YES;
				CLANG_WARN_ENUM_CONVERSION = YES;
				CLANG_WARN_IMPLICIT_SIGN_CONVERSION = YES;
				CLANG_WARN_INFINITE_RECURSION = YES;
				CLANG_WARN_INT_CONVERSION = YES;
				CLANG_WARN_OBJC_EXPLICIT_OWNERSHIP_TYPE = YES;
				CLANG_WARN_OBJC_IMPLICIT_ATOMIC_PROPERTIES = YES;
				CLANG_WARN_OBJC_IMPLICIT_RETAIN_SELF = YES;
				CLANG_WARN_OBJC_MISSING_PROPERTY_SYNTHESIS = YES;
				CLANG_WARN_OBJC_REPEATED_USE_OF_WEAK = YES;
				CLANG_WARN_OBJC_ROOT_CLASS = YES_ERROR;
				CLANG_WARN_RANGE_LOOP_ANALYSIS = YES;
				CLANG_WARN_STRICT_PROTOTYPES = YES;
				CLANG_WARN_SUSPICIOUS_IMPLICIT_CONVERSION = YES;
				CLANG_WARN_SUSPICIOUS_MOVE = YES;
				CLANG_WARN_SUSPICIOUS_MOVES = YES;
				CLANG_WARN_UNREACHABLE_CODE = YES;
				CLANG_WARN__DUPLICATE_METHOD_MATCH = YES;
				CLANG_WARN__EXIT_TIME_DESTRUCTORS = YES;
				"CODE_SIGN_IDENTITY[sdk=iphoneos*]" = "iPhone Developer";
				COPY_PHASE_STRIP = NO;
				DEBUG_INFORMATION_FORMAT = "dwarf-with-dsym";
				ENABLE_NS_ASSERTIONS = NO;
				ENABLE_STRICT_OBJC_MSGSEND = YES;
				GCC_C_LANGUAGE_STANDARD = gnu99;
				GCC_NO_COMMON_BLOCKS = YES;
				GCC_TREAT_IMPLICIT_FUNCTION_DECLARATIONS_AS_ERRORS = YES;
				GCC_TREAT_INCOMPATIBLE_POINTER_TYPE_WARNINGS_AS_ERRORS = YES;
				GCC_TREAT_WARNINGS_AS_ERRORS = YES;
				GCC_WARN_64_TO_32_BIT_CONVERSION = YES;
				GCC_WARN_ABOUT_MISSING_FIELD_INITIALIZERS = YES;
				GCC_WARN_ABOUT_MISSING_NEWLINE = YES;
				GCC_WARN_ABOUT_MISSING_PROTOTYPES = YES;
				GCC_WARN_ABOUT_RETURN_TYPE = YES_ERROR;
				GCC_WARN_FOUR_CHARACTER_CONSTANTS = YES;
				GCC_WARN_HIDDEN_VIRTUAL_FUNCTIONS = YES;
				GCC_WARN_INHIBIT_ALL_WARNINGS = YES;
				GCC_WARN_INITIALIZER_NOT_FULLY_BRACKETED = YES;
				GCC_WARN_NON_VIRTUAL_DESTRUCTOR = YES;
				GCC_WARN_PEDANTIC = YES;
				GCC_WARN_SHADOW = YES;
				GCC_WARN_SIGN_COMPARE = YES;
				GCC_WARN_STRICT_SELECTOR_MATCH = YES;
				GCC_WARN_UNDECLARED_SELECTOR = YES;
				GCC_WARN_UNINITIALIZED_AUTOS = YES_AGGRESSIVE;
				GCC_WARN_UNKNOWN_PRAGMAS = YES;
				GCC_WARN_UNUSED_FUNCTION = YES;
				GCC_WARN_UNUSED_LABEL = YES;
				GCC_WARN_UNUSED_PARAMETER = YES;
				GCC_WARN_UNUSED_VARIABLE = YES;
				IPHONEOS_DEPLOYMENT_TARGET = 10.1;
				MOMC_NO_DELETE_RULE_WARNINGS = NO;
				MOMC_NO_WARNINGS = NO;
				MOMC_SUPPRESS_INVERSE_TRANSIENT_ERROR = NO;
				MTL_ENABLE_DEBUG_INFO = NO;
				RUN_CLANG_STATIC_ANALYZER = YES;
				SDKROOT = iphoneos;
				SWIFT_OPTIMIZATION_LEVEL = "-Owholemodule";
				SWIFT_TREAT_WARNINGS_AS_ERRORS = YES;
				TARGETED_DEVICE_FAMILY = "1,2";
				VALIDATE_PRODUCT = YES;
			};
			name = Release;
		};
		CE67BE301E02990B00133263 /* Debug */ = {
			isa = XCBuildConfiguration;
			buildSettings = {
				ASSETCATALOG_COMPILER_APPICON_NAME = AppIcon;
				INFOPLIST_FILE = "Dispatcher-Core-Data/Info.plist";
				LD_RUNPATH_SEARCH_PATHS = "$(inherited) @executable_path/Frameworks";
				PRODUCT_BUNDLE_IDENTIFIER = "nick.savula.Dispatcher-Core-Data";
				PRODUCT_NAME = "$(TARGET_NAME)";
				SWIFT_SWIFT3_OBJC_INFERENCE = On;
				SWIFT_VERSION = 4.0;
			};
			name = Debug;
		};
		CE67BE311E02990B00133263 /* Release */ = {
			isa = XCBuildConfiguration;
			buildSettings = {
				ASSETCATALOG_COMPILER_APPICON_NAME = AppIcon;
				INFOPLIST_FILE = "Dispatcher-Core-Data/Info.plist";
				LD_RUNPATH_SEARCH_PATHS = "$(inherited) @executable_path/Frameworks";
				PRODUCT_BUNDLE_IDENTIFIER = "nick.savula.Dispatcher-Core-Data";
				PRODUCT_NAME = "$(TARGET_NAME)";
				SWIFT_SWIFT3_OBJC_INFERENCE = On;
				SWIFT_VERSION = 4.0;
			};
			name = Release;
		};
		CE67BE331E02990B00133263 /* Debug */ = {
			isa = XCBuildConfiguration;
			buildSettings = {
				ALWAYS_EMBED_SWIFT_STANDARD_LIBRARIES = YES;
				BUNDLE_LOADER = "$(TEST_HOST)";
				INFOPLIST_FILE = "Dispatcher-Core-DataTests/Info.plist";
				LD_RUNPATH_SEARCH_PATHS = "$(inherited) @executable_path/Frameworks @loader_path/Frameworks";
				PRODUCT_BUNDLE_IDENTIFIER = "nick.savula.Dispatcher-Core-DataTests";
				PRODUCT_NAME = "$(TARGET_NAME)";
				SWIFT_SWIFT3_OBJC_INFERENCE = On;
				SWIFT_VERSION = 4.0;
				TEST_HOST = "$(BUILT_PRODUCTS_DIR)/Dispatcher-Core-Data.app/Dispatcher-Core-Data";
			};
			name = Debug;
		};
		CE67BE341E02990B00133263 /* Release */ = {
			isa = XCBuildConfiguration;
			buildSettings = {
				ALWAYS_EMBED_SWIFT_STANDARD_LIBRARIES = YES;
				BUNDLE_LOADER = "$(TEST_HOST)";
				INFOPLIST_FILE = "Dispatcher-Core-DataTests/Info.plist";
				LD_RUNPATH_SEARCH_PATHS = "$(inherited) @executable_path/Frameworks @loader_path/Frameworks";
				PRODUCT_BUNDLE_IDENTIFIER = "nick.savula.Dispatcher-Core-DataTests";
				PRODUCT_NAME = "$(TARGET_NAME)";
				SWIFT_SWIFT3_OBJC_INFERENCE = On;
				SWIFT_VERSION = 4.0;
				TEST_HOST = "$(BUILT_PRODUCTS_DIR)/Dispatcher-Core-Data.app/Dispatcher-Core-Data";
			};
			name = Release;
		};
		CE67BE361E02990B00133263 /* Debug */ = {
			isa = XCBuildConfiguration;
			buildSettings = {
				ALWAYS_EMBED_SWIFT_STANDARD_LIBRARIES = YES;
				INFOPLIST_FILE = "Dispatcher-Core-DataUITests/Info.plist";
				LD_RUNPATH_SEARCH_PATHS = "$(inherited) @executable_path/Frameworks @loader_path/Frameworks";
				PRODUCT_BUNDLE_IDENTIFIER = "nick.savula.Dispatcher-Core-DataUITests";
				PRODUCT_NAME = "$(TARGET_NAME)";
				SWIFT_SWIFT3_OBJC_INFERENCE = On;
				SWIFT_VERSION = 4.0;
				TEST_TARGET_NAME = "Dispatcher-Core-Data";
			};
			name = Debug;
		};
		CE67BE371E02990B00133263 /* Release */ = {
			isa = XCBuildConfiguration;
			buildSettings = {
				ALWAYS_EMBED_SWIFT_STANDARD_LIBRARIES = YES;
				INFOPLIST_FILE = "Dispatcher-Core-DataUITests/Info.plist";
				LD_RUNPATH_SEARCH_PATHS = "$(inherited) @executable_path/Frameworks @loader_path/Frameworks";
				PRODUCT_BUNDLE_IDENTIFIER = "nick.savula.Dispatcher-Core-DataUITests";
				PRODUCT_NAME = "$(TARGET_NAME)";
				SWIFT_SWIFT3_OBJC_INFERENCE = On;
				SWIFT_VERSION = 4.0;
				TEST_TARGET_NAME = "Dispatcher-Core-Data";
			};
			name = Release;
		};
/* End XCBuildConfiguration section */

/* Begin XCConfigurationList section */
		CE67BE021E02990B00133263 /* Build configuration list for PBXProject "Dispatcher-Core-Data" */ = {
			isa = XCConfigurationList;
			buildConfigurations = (
				CE67BE2D1E02990B00133263 /* Debug */,
				CE67BE2E1E02990B00133263 /* Release */,
			);
			defaultConfigurationIsVisible = 0;
			defaultConfigurationName = Release;
		};
		CE67BE2F1E02990B00133263 /* Build configuration list for PBXNativeTarget "Dispatcher-Core-Data" */ = {
			isa = XCConfigurationList;
			buildConfigurations = (
				CE67BE301E02990B00133263 /* Debug */,
				CE67BE311E02990B00133263 /* Release */,
			);
			defaultConfigurationIsVisible = 0;
			defaultConfigurationName = Release;
		};
		CE67BE321E02990B00133263 /* Build configuration list for PBXNativeTarget "Dispatcher-Core-DataTests" */ = {
			isa = XCConfigurationList;
			buildConfigurations = (
				CE67BE331E02990B00133263 /* Debug */,
				CE67BE341E02990B00133263 /* Release */,
			);
			defaultConfigurationIsVisible = 0;
			defaultConfigurationName = Release;
		};
		CE67BE351E02990B00133263 /* Build configuration list for PBXNativeTarget "Dispatcher-Core-DataUITests" */ = {
			isa = XCConfigurationList;
			buildConfigurations = (
				CE67BE361E02990B00133263 /* Debug */,
				CE67BE371E02990B00133263 /* Release */,
			);
			defaultConfigurationIsVisible = 0;
			defaultConfigurationName = Release;
		};
/* End XCConfigurationList section */

/* Begin XCVersionGroup section */
		CE04F1361E02B50200F59E60 /* DataModel.xcdatamodeld */ = {
			isa = XCVersionGroup;
			children = (
				CE04F1371E02B50200F59E60 /* DataModel.xcdatamodel */,
			);
			currentVersion = CE04F1371E02B50200F59E60 /* DataModel.xcdatamodel */;
			path = DataModel.xcdatamodeld;
			sourceTree = "<group>";
			versionGroupType = wrapper.xcdatamodel;
		};
/* End XCVersionGroup section */
	};
	rootObject = CE67BDFF1E02990B00133263 /* Project object */;
}
