// !$*UTF8*$!
{
	archiveVersion = 1;
	classes = {
	};
	objectVersion = 46;
	objects = {

/* Begin PBXBuildFile section */
		874CED782201BE6C00804B13 /* NetworkLogger.swift in Sources */ = {isa = PBXBuildFile; fileRef = 874CED772201BE6C00804B13 /* NetworkLogger.swift */; };
		CE1280EC1DDB3C810077C763 /* AppDelegate.swift in Sources */ = {isa = PBXBuildFile; fileRef = CE1280EB1DDB3C810077C763 /* AppDelegate.swift */; };
		CE1280EE1DDB3C810077C763 /* ViewController.swift in Sources */ = {isa = PBXBuildFile; fileRef = CE1280ED1DDB3C810077C763 /* ViewController.swift */; };
		CE1280F11DDB3C810077C763 /* Main.storyboard in Resources */ = {isa = PBXBuildFile; fileRef = CE1280EF1DDB3C810077C763 /* Main.storyboard */; };
		CE1280F31DDB3C810077C763 /* Assets.xcassets in Resources */ = {isa = PBXBuildFile; fileRef = CE1280F21DDB3C810077C763 /* Assets.xcassets */; };
		CE1280F61DDB3C810077C763 /* LaunchScreen.storyboard in Resources */ = {isa = PBXBuildFile; fileRef = CE1280F41DDB3C810077C763 /* LaunchScreen.storyboard */; };
		CE1281011DDB3C810077C763 /* DispatcherTests.swift in Sources */ = {isa = PBXBuildFile; fileRef = CE1281001DDB3C810077C763 /* DispatcherTests.swift */; };
		CE12810C1DDB3C810077C763 /* DispatcherUITests.swift in Sources */ = {isa = PBXBuildFile; fileRef = CE12810B1DDB3C810077C763 /* DispatcherUITests.swift */; };
		CE369FE520626FFC00817BE6 /* CachableRequest.swift in Sources */ = {isa = PBXBuildFile; fileRef = CE369FE220626FFC00817BE6 /* CachableRequest.swift */; };
		CE369FE620626FFC00817BE6 /* CacheRequestHandler.swift in Sources */ = {isa = PBXBuildFile; fileRef = CE369FE320626FFC00817BE6 /* CacheRequestHandler.swift */; };
		CE369FE720626FFC00817BE6 /* ErrorParser.swift in Sources */ = {isa = PBXBuildFile; fileRef = CE369FE420626FFC00817BE6 /* ErrorParser.swift */; };
		CE369FF02062709100817BE6 /* DataModel.swift in Sources */ = {isa = PBXBuildFile; fileRef = CE369FE92062709100817BE6 /* DataModel.swift */; };
		CE369FF12062709100817BE6 /* NSManagedObject+Common.swift in Sources */ = {isa = PBXBuildFile; fileRef = CE369FEA2062709100817BE6 /* NSManagedObject+Common.swift */; };
		CE369FF22062709100817BE6 /* DataModel.xcdatamodeld in Sources */ = {isa = PBXBuildFile; fileRef = CE369FEB2062709100817BE6 /* DataModel.xcdatamodeld */; };
		CE369FF32062709100817BE6 /* User+CoreDataProperties.swift in Sources */ = {isa = PBXBuildFile; fileRef = CE369FEE2062709100817BE6 /* User+CoreDataProperties.swift */; };
		CE369FF42062709100817BE6 /* User+CoreDataClass.swift in Sources */ = {isa = PBXBuildFile; fileRef = CE369FEF2062709100817BE6 /* User+CoreDataClass.swift */; };
		CE67BDFD1E02892E00133263 /* HTTPBinGetRequest.swift in Sources */ = {isa = PBXBuildFile; fileRef = CE67BDFC1E02892E00133263 /* HTTPBinGetRequest.swift */; };
		CE67BE4C1E02999600133263 /* DepotRequestHandler.swift in Sources */ = {isa = PBXBuildFile; fileRef = CE67BE461E02999600133263 /* DepotRequestHandler.swift */; };
		CE67BE4D1E02999600133263 /* Dispatcher-info.plist in Resources */ = {isa = PBXBuildFile; fileRef = CE67BE471E02999600133263 /* Dispatcher-info.plist */; };
		CE67BE4E1E02999600133263 /* Dispatcher.swift in Sources */ = {isa = PBXBuildFile; fileRef = CE67BE481E02999600133263 /* Dispatcher.swift */; };
		CE67BE4F1E02999600133263 /* Request.swift in Sources */ = {isa = PBXBuildFile; fileRef = CE67BE491E02999600133263 /* Request.swift */; };
		CE67BE501E02999600133263 /* RequestHandler.swift in Sources */ = {isa = PBXBuildFile; fileRef = CE67BE4A1E02999600133263 /* RequestHandler.swift */; };
		CE67BE511E02999600133263 /* ServiceRequestHandler.swift in Sources */ = {isa = PBXBuildFile; fileRef = CE67BE4B1E02999600133263 /* ServiceRequestHandler.swift */; };
/* End PBXBuildFile section */

/* Begin PBXContainerItemProxy section */
		CE1280FD1DDB3C810077C763 /* PBXContainerItemProxy */ = {
			isa = PBXContainerItemProxy;
			containerPortal = CE1280E01DDB3C810077C763 /* Project object */;
			proxyType = 1;
			remoteGlobalIDString = CE1280E71DDB3C810077C763;
			remoteInfo = Dispatcher;
		};
		CE1281081DDB3C810077C763 /* PBXContainerItemProxy */ = {
			isa = PBXContainerItemProxy;
			containerPortal = CE1280E01DDB3C810077C763 /* Project object */;
			proxyType = 1;
			remoteGlobalIDString = CE1280E71DDB3C810077C763;
			remoteInfo = Dispatcher;
		};
/* End PBXContainerItemProxy section */

/* Begin PBXFileReference section */
		874CED772201BE6C00804B13 /* NetworkLogger.swift */ = {isa = PBXFileReference; fileEncoding = 4; lastKnownFileType = sourcecode.swift; path = NetworkLogger.swift; sourceTree = "<group>"; };
		CE1280E81DDB3C810077C763 /* Dispatcher.app */ = {isa = PBXFileReference; explicitFileType = wrapper.application; includeInIndex = 0; path = Dispatcher.app; sourceTree = BUILT_PRODUCTS_DIR; };
		CE1280EB1DDB3C810077C763 /* AppDelegate.swift */ = {isa = PBXFileReference; lastKnownFileType = sourcecode.swift; path = AppDelegate.swift; sourceTree = "<group>"; };
		CE1280ED1DDB3C810077C763 /* ViewController.swift */ = {isa = PBXFileReference; lastKnownFileType = sourcecode.swift; path = ViewController.swift; sourceTree = "<group>"; };
		CE1280F01DDB3C810077C763 /* Base */ = {isa = PBXFileReference; lastKnownFileType = file.storyboard; name = Base; path = Base.lproj/Main.storyboard; sourceTree = "<group>"; };
		CE1280F21DDB3C810077C763 /* Assets.xcassets */ = {isa = PBXFileReference; lastKnownFileType = folder.assetcatalog; path = Assets.xcassets; sourceTree = "<group>"; };
		CE1280F51DDB3C810077C763 /* Base */ = {isa = PBXFileReference; lastKnownFileType = file.storyboard; name = Base; path = Base.lproj/LaunchScreen.storyboard; sourceTree = "<group>"; };
		CE1280F71DDB3C810077C763 /* Info.plist */ = {isa = PBXFileReference; lastKnownFileType = text.plist.xml; path = Info.plist; sourceTree = "<group>"; };
		CE1280FC1DDB3C810077C763 /* DispatcherTests.xctest */ = {isa = PBXFileReference; explicitFileType = wrapper.cfbundle; includeInIndex = 0; path = DispatcherTests.xctest; sourceTree = BUILT_PRODUCTS_DIR; };
		CE1281001DDB3C810077C763 /* DispatcherTests.swift */ = {isa = PBXFileReference; lastKnownFileType = sourcecode.swift; path = DispatcherTests.swift; sourceTree = "<group>"; };
		CE1281021DDB3C810077C763 /* Info.plist */ = {isa = PBXFileReference; lastKnownFileType = text.plist.xml; path = Info.plist; sourceTree = "<group>"; };
		CE1281071DDB3C810077C763 /* DispatcherUITests.xctest */ = {isa = PBXFileReference; explicitFileType = wrapper.cfbundle; includeInIndex = 0; path = DispatcherUITests.xctest; sourceTree = BUILT_PRODUCTS_DIR; };
		CE12810B1DDB3C810077C763 /* DispatcherUITests.swift */ = {isa = PBXFileReference; lastKnownFileType = sourcecode.swift; path = DispatcherUITests.swift; sourceTree = "<group>"; };
		CE12810D1DDB3C810077C763 /* Info.plist */ = {isa = PBXFileReference; lastKnownFileType = text.plist.xml; path = Info.plist; sourceTree = "<group>"; };
		CE369FE220626FFC00817BE6 /* CachableRequest.swift */ = {isa = PBXFileReference; fileEncoding = 4; lastKnownFileType = sourcecode.swift; path = CachableRequest.swift; sourceTree = "<group>"; };
		CE369FE320626FFC00817BE6 /* CacheRequestHandler.swift */ = {isa = PBXFileReference; fileEncoding = 4; lastKnownFileType = sourcecode.swift; path = CacheRequestHandler.swift; sourceTree = "<group>"; };
		CE369FE420626FFC00817BE6 /* ErrorParser.swift */ = {isa = PBXFileReference; fileEncoding = 4; lastKnownFileType = sourcecode.swift; path = ErrorParser.swift; sourceTree = "<group>"; };
		CE369FE92062709100817BE6 /* DataModel.swift */ = {isa = PBXFileReference; fileEncoding = 4; lastKnownFileType = sourcecode.swift; path = DataModel.swift; sourceTree = "<group>"; };
		CE369FEA2062709100817BE6 /* NSManagedObject+Common.swift */ = {isa = PBXFileReference; fileEncoding = 4; lastKnownFileType = sourcecode.swift; path = "NSManagedObject+Common.swift"; sourceTree = "<group>"; };
		CE369FEC2062709100817BE6 /* DataModel.xcdatamodel */ = {isa = PBXFileReference; lastKnownFileType = wrapper.xcdatamodel; path = DataModel.xcdatamodel; sourceTree = "<group>"; };
		CE369FEE2062709100817BE6 /* User+CoreDataProperties.swift */ = {isa = PBXFileReference; fileEncoding = 4; lastKnownFileType = sourcecode.swift; path = "User+CoreDataProperties.swift"; sourceTree = "<group>"; };
		CE369FEF2062709100817BE6 /* User+CoreDataClass.swift */ = {isa = PBXFileReference; fileEncoding = 4; lastKnownFileType = sourcecode.swift; path = "User+CoreDataClass.swift"; sourceTree = "<group>"; };
		CE67BDFC1E02892E00133263 /* HTTPBinGetRequest.swift */ = {isa = PBXFileReference; fileEncoding = 4; lastKnownFileType = sourcecode.swift; path = HTTPBinGetRequest.swift; sourceTree = "<group>"; };
		CE67BE461E02999600133263 /* DepotRequestHandler.swift */ = {isa = PBXFileReference; fileEncoding = 4; lastKnownFileType = sourcecode.swift; path = DepotRequestHandler.swift; sourceTree = "<group>"; };
		CE67BE471E02999600133263 /* Dispatcher-info.plist */ = {isa = PBXFileReference; fileEncoding = 4; lastKnownFileType = text.plist.xml; path = "Dispatcher-info.plist"; sourceTree = "<group>"; };
		CE67BE481E02999600133263 /* Dispatcher.swift */ = {isa = PBXFileReference; fileEncoding = 4; lastKnownFileType = sourcecode.swift; path = Dispatcher.swift; sourceTree = "<group>"; };
		CE67BE491E02999600133263 /* Request.swift */ = {isa = PBXFileReference; fileEncoding = 4; lastKnownFileType = sourcecode.swift; path = Request.swift; sourceTree = "<group>"; };
		CE67BE4A1E02999600133263 /* RequestHandler.swift */ = {isa = PBXFileReference; fileEncoding = 4; lastKnownFileType = sourcecode.swift; path = RequestHandler.swift; sourceTree = "<group>"; };
		CE67BE4B1E02999600133263 /* ServiceRequestHandler.swift */ = {isa = PBXFileReference; fileEncoding = 4; lastKnownFileType = sourcecode.swift; path = ServiceRequestHandler.swift; sourceTree = "<group>"; };
/* End PBXFileReference section */

/* Begin PBXFrameworksBuildPhase section */
		CE1280E51DDB3C810077C763 /* Frameworks */ = {
			isa = PBXFrameworksBuildPhase;
			buildActionMask = 2147483647;
			files = (
			);
			runOnlyForDeploymentPostprocessing = 0;
		};
		CE1280F91DDB3C810077C763 /* Frameworks */ = {
			isa = PBXFrameworksBuildPhase;
			buildActionMask = 2147483647;
			files = (
			);
			runOnlyForDeploymentPostprocessing = 0;
		};
		CE1281041DDB3C810077C763 /* Frameworks */ = {
			isa = PBXFrameworksBuildPhase;
			buildActionMask = 2147483647;
			files = (
			);
			runOnlyForDeploymentPostprocessing = 0;
		};
/* End PBXFrameworksBuildPhase section */

/* Begin PBXGroup section */
		CE1280DF1DDB3C810077C763 = {
			isa = PBXGroup;
			children = (
				CE1280EA1DDB3C810077C763 /* Dispatcher */,
				CE1280FF1DDB3C810077C763 /* DispatcherTests */,
				CE12810A1DDB3C810077C763 /* DispatcherUITests */,
				CE1280E91DDB3C810077C763 /* Products */,
			);
			sourceTree = "<group>";
		};
		CE1280E91DDB3C810077C763 /* Products */ = {
			isa = PBXGroup;
			children = (
				CE1280E81DDB3C810077C763 /* Dispatcher.app */,
				CE1280FC1DDB3C810077C763 /* DispatcherTests.xctest */,
				CE1281071DDB3C810077C763 /* DispatcherUITests.xctest */,
			);
			name = Products;
			sourceTree = "<group>";
		};
		CE1280EA1DDB3C810077C763 /* Dispatcher */ = {
			isa = PBXGroup;
			children = (
				CE1280EB1DDB3C810077C763 /* AppDelegate.swift */,
				CE1280ED1DDB3C810077C763 /* ViewController.swift */,
				CE1280EF1DDB3C810077C763 /* Main.storyboard */,
				CE1280F21DDB3C810077C763 /* Assets.xcassets */,
				CE1280F41DDB3C810077C763 /* LaunchScreen.storyboard */,
				CE1280F71DDB3C810077C763 /* Info.plist */,
				CE369FE82062709100817BE6 /* DataModel */,
				CE67BE451E02999600133263 /* Dispatcher */,
				CE67BDFB1E02890D00133263 /* Requests */,
			);
			path = Dispatcher;
			sourceTree = "<group>";
		};
		CE1280FF1DDB3C810077C763 /* DispatcherTests */ = {
			isa = PBXGroup;
			children = (
				CE1281001DDB3C810077C763 /* DispatcherTests.swift */,
				CE1281021DDB3C810077C763 /* Info.plist */,
			);
			path = DispatcherTests;
			sourceTree = "<group>";
		};
		CE12810A1DDB3C810077C763 /* DispatcherUITests */ = {
			isa = PBXGroup;
			children = (
				CE12810B1DDB3C810077C763 /* DispatcherUITests.swift */,
				CE12810D1DDB3C810077C763 /* Info.plist */,
			);
			path = DispatcherUITests;
			sourceTree = "<group>";
		};
		CE369FE82062709100817BE6 /* DataModel */ = {
			isa = PBXGroup;
			children = (
				CE369FE92062709100817BE6 /* DataModel.swift */,
				CE369FEA2062709100817BE6 /* NSManagedObject+Common.swift */,
				CE369FEB2062709100817BE6 /* DataModel.xcdatamodeld */,
				CE369FED2062709100817BE6 /* Entities */,
			);
			name = DataModel;
			path = "../../CoreData/Dispatcher-Core-Data/Dispatcher-Core-Data/DataModel";
			sourceTree = "<group>";
		};
		CE369FED2062709100817BE6 /* Entities */ = {
			isa = PBXGroup;
			children = (
				CE369FEE2062709100817BE6 /* User+CoreDataProperties.swift */,
				CE369FEF2062709100817BE6 /* User+CoreDataClass.swift */,
			);
			path = Entities;
			sourceTree = "<group>";
		};
		CE67BDFB1E02890D00133263 /* Requests */ = {
			isa = PBXGroup;
			children = (
				CE67BDFC1E02892E00133263 /* HTTPBinGetRequest.swift */,
			);
			path = Requests;
			sourceTree = "<group>";
		};
		CE67BE451E02999600133263 /* Dispatcher */ = {
			isa = PBXGroup;
			children = (
				CE369FE220626FFC00817BE6 /* CachableRequest.swift */,
				CE369FE320626FFC00817BE6 /* CacheRequestHandler.swift */,
				CE369FE420626FFC00817BE6 /* ErrorParser.swift */,
				CE67BE461E02999600133263 /* DepotRequestHandler.swift */,
				CE67BE471E02999600133263 /* Dispatcher-info.plist */,
				CE67BE481E02999600133263 /* Dispatcher.swift */,
				CE67BE491E02999600133263 /* Request.swift */,
				CE67BE4A1E02999600133263 /* RequestHandler.swift */,
				CE67BE4B1E02999600133263 /* ServiceRequestHandler.swift */,
				874CED772201BE6C00804B13 /* NetworkLogger.swift */,
			);
			name = Dispatcher;
			path = ../../../Dispatcher;
			sourceTree = "<group>";
		};
/* End PBXGroup section */

/* Begin PBXNativeTarget section */
		CE1280E71DDB3C810077C763 /* Dispatcher */ = {
			isa = PBXNativeTarget;
			buildConfigurationList = CE1281101DDB3C810077C763 /* Build configuration list for PBXNativeTarget "Dispatcher" */;
			buildPhases = (
				CE1280E41DDB3C810077C763 /* Sources */,
				CE1280E51DDB3C810077C763 /* Frameworks */,
				CE1280E61DDB3C810077C763 /* Resources */,
			);
			buildRules = (
			);
			dependencies = (
			);
			name = Dispatcher;
			productName = Dispatcher;
			productReference = CE1280E81DDB3C810077C763 /* Dispatcher.app */;
			productType = "com.apple.product-type.application";
		};
		CE1280FB1DDB3C810077C763 /* DispatcherTests */ = {
			isa = PBXNativeTarget;
			buildConfigurationList = CE1281131DDB3C810077C763 /* Build configuration list for PBXNativeTarget "DispatcherTests" */;
			buildPhases = (
				CE1280F81DDB3C810077C763 /* Sources */,
				CE1280F91DDB3C810077C763 /* Frameworks */,
				CE1280FA1DDB3C810077C763 /* Resources */,
			);
			buildRules = (
			);
			dependencies = (
				CE1280FE1DDB3C810077C763 /* PBXTargetDependency */,
			);
			name = DispatcherTests;
			productName = DispatcherTests;
			productReference = CE1280FC1DDB3C810077C763 /* DispatcherTests.xctest */;
			productType = "com.apple.product-type.bundle.unit-test";
		};
		CE1281061DDB3C810077C763 /* DispatcherUITests */ = {
			isa = PBXNativeTarget;
			buildConfigurationList = CE1281161DDB3C810077C763 /* Build configuration list for PBXNativeTarget "DispatcherUITests" */;
			buildPhases = (
				CE1281031DDB3C810077C763 /* Sources */,
				CE1281041DDB3C810077C763 /* Frameworks */,
				CE1281051DDB3C810077C763 /* Resources */,
			);
			buildRules = (
			);
			dependencies = (
				CE1281091DDB3C810077C763 /* PBXTargetDependency */,
			);
			name = DispatcherUITests;
			productName = DispatcherUITests;
			productReference = CE1281071DDB3C810077C763 /* DispatcherUITests.xctest */;
			productType = "com.apple.product-type.bundle.ui-testing";
		};
/* End PBXNativeTarget section */

/* Begin PBXProject section */
		CE1280E01DDB3C810077C763 /* Project object */ = {
			isa = PBXProject;
			attributes = {
				LastSwiftUpdateCheck = 0810;
				LastUpgradeCheck = 0920;
				ORGANIZATIONNAME = "Nick Savula";
				TargetAttributes = {
					CE1280E71DDB3C810077C763 = {
						CreatedOnToolsVersion = 8.1;
						DevelopmentTeam = U57H59L9YQ;
						LastSwiftMigration = 0920;
						ProvisioningStyle = Automatic;
					};
					CE1280FB1DDB3C810077C763 = {
						CreatedOnToolsVersion = 8.1;
						LastSwiftMigration = 0920;
						ProvisioningStyle = Automatic;
						TestTargetID = CE1280E71DDB3C810077C763;
					};
					CE1281061DDB3C810077C763 = {
						CreatedOnToolsVersion = 8.1;
						LastSwiftMigration = 0920;
						ProvisioningStyle = Automatic;
						TestTargetID = CE1280E71DDB3C810077C763;
					};
				};
			};
			buildConfigurationList = CE1280E31DDB3C810077C763 /* Build configuration list for PBXProject "Dispatcher" */;
			compatibilityVersion = "Xcode 3.2";
			developmentRegion = English;
			hasScannedForEncodings = 0;
			knownRegions = (
				en,
				Base,
			);
			mainGroup = CE1280DF1DDB3C810077C763;
			productRefGroup = CE1280E91DDB3C810077C763 /* Products */;
			projectDirPath = "";
			projectRoot = "";
			targets = (
				CE1280E71DDB3C810077C763 /* Dispatcher */,
				CE1280FB1DDB3C810077C763 /* DispatcherTests */,
				CE1281061DDB3C810077C763 /* DispatcherUITests */,
			);
		};
/* End PBXProject section */

/* Begin PBXResourcesBuildPhase section */
		CE1280E61DDB3C810077C763 /* Resources */ = {
			isa = PBXResourcesBuildPhase;
			buildActionMask = 2147483647;
			files = (
				CE1280F61DDB3C810077C763 /* LaunchScreen.storyboard in Resources */,
				CE1280F31DDB3C810077C763 /* Assets.xcassets in Resources */,
				CE1280F11DDB3C810077C763 /* Main.storyboard in Resources */,
				CE67BE4D1E02999600133263 /* Dispatcher-info.plist in Resources */,
			);
			runOnlyForDeploymentPostprocessing = 0;
		};
		CE1280FA1DDB3C810077C763 /* Resources */ = {
			isa = PBXResourcesBuildPhase;
			buildActionMask = 2147483647;
			files = (
			);
			runOnlyForDeploymentPostprocessing = 0;
		};
		CE1281051DDB3C810077C763 /* Resources */ = {
			isa = PBXResourcesBuildPhase;
			buildActionMask = 2147483647;
			files = (
			);
			runOnlyForDeploymentPostprocessing = 0;
		};
/* End PBXResourcesBuildPhase section */

/* Begin PBXSourcesBuildPhase section */
		CE1280E41DDB3C810077C763 /* Sources */ = {
			isa = PBXSourcesBuildPhase;
			buildActionMask = 2147483647;
			files = (
				CE67BE501E02999600133263 /* RequestHandler.swift in Sources */,
				CE1280EE1DDB3C810077C763 /* ViewController.swift in Sources */,
				CE67BE4F1E02999600133263 /* Request.swift in Sources */,
				CE369FF22062709100817BE6 /* DataModel.xcdatamodeld in Sources */,
				CE369FE520626FFC00817BE6 /* CachableRequest.swift in Sources */,
				CE67BDFD1E02892E00133263 /* HTTPBinGetRequest.swift in Sources */,
				CE369FF42062709100817BE6 /* User+CoreDataClass.swift in Sources */,
				CE369FF02062709100817BE6 /* DataModel.swift in Sources */,
				CE1280EC1DDB3C810077C763 /* AppDelegate.swift in Sources */,
				CE369FF32062709100817BE6 /* User+CoreDataProperties.swift in Sources */,
				CE369FE720626FFC00817BE6 /* ErrorParser.swift in Sources */,
				CE67BE4C1E02999600133263 /* DepotRequestHandler.swift in Sources */,
				CE67BE511E02999600133263 /* ServiceRequestHandler.swift in Sources */,
				CE67BE4E1E02999600133263 /* Dispatcher.swift in Sources */,
				CE369FF12062709100817BE6 /* NSManagedObject+Common.swift in Sources */,
				874CED782201BE6C00804B13 /* NetworkLogger.swift in Sources */,
				CE369FE620626FFC00817BE6 /* CacheRequestHandler.swift in Sources */,
			);
			runOnlyForDeploymentPostprocessing = 0;
		};
		CE1280F81DDB3C810077C763 /* Sources */ = {
			isa = PBXSourcesBuildPhase;
			buildActionMask = 2147483647;
			files = (
				CE1281011DDB3C810077C763 /* DispatcherTests.swift in Sources */,
			);
			runOnlyForDeploymentPostprocessing = 0;
		};
		CE1281031DDB3C810077C763 /* Sources */ = {
			isa = PBXSourcesBuildPhase;
			buildActionMask = 2147483647;
			files = (
				CE12810C1DDB3C810077C763 /* DispatcherUITests.swift in Sources */,
			);
			runOnlyForDeploymentPostprocessing = 0;
		};
/* End PBXSourcesBuildPhase section */

/* Begin PBXTargetDependency section */
		CE1280FE1DDB3C810077C763 /* PBXTargetDependency */ = {
			isa = PBXTargetDependency;
			target = CE1280E71DDB3C810077C763 /* Dispatcher */;
			targetProxy = CE1280FD1DDB3C810077C763 /* PBXContainerItemProxy */;
		};
		CE1281091DDB3C810077C763 /* PBXTargetDependency */ = {
			isa = PBXTargetDependency;
			target = CE1280E71DDB3C810077C763 /* Dispatcher */;
			targetProxy = CE1281081DDB3C810077C763 /* PBXContainerItemProxy */;
		};
/* End PBXTargetDependency section */

/* Begin PBXVariantGroup section */
		CE1280EF1DDB3C810077C763 /* Main.storyboard */ = {
			isa = PBXVariantGroup;
			children = (
				CE1280F01DDB3C810077C763 /* Base */,
			);
			name = Main.storyboard;
			sourceTree = "<group>";
		};
		CE1280F41DDB3C810077C763 /* LaunchScreen.storyboard */ = {
			isa = PBXVariantGroup;
			children = (
				CE1280F51DDB3C810077C763 /* Base */,
			);
			name = LaunchScreen.storyboard;
			sourceTree = "<group>";
		};
/* End PBXVariantGroup section */

/* Begin XCBuildConfiguration section */
		CE12810E1DDB3C810077C763 /* Debug */ = {
			isa = XCBuildConfiguration;
			buildSettings = {
				ALWAYS_SEARCH_USER_PATHS = NO;
				CLANG_ANALYZER_LOCALIZABILITY_EMPTY_CONTEXT = YES;
				CLANG_ANALYZER_LOCALIZABILITY_NONLOCALIZED = YES;
				CLANG_ANALYZER_NONNULL = YES;
				CLANG_ANALYZER_SECURITY_FLOATLOOPCOUNTER = YES;
				CLANG_ANALYZER_SECURITY_INSECUREAPI_RAND = YES;
				CLANG_ANALYZER_SECURITY_INSECUREAPI_STRCPY = YES;
				CLANG_CXX_LANGUAGE_STANDARD = "gnu++0x";
				CLANG_CXX_LIBRARY = "libc++";
				CLANG_ENABLE_MODULES = YES;
				CLANG_ENABLE_OBJC_ARC = YES;
				CLANG_WARN_ASSIGN_ENUM = YES;
				CLANG_WARN_BLOCK_CAPTURE_AUTORELEASING = YES;
				CLANG_WARN_BOOL_CONVERSION = YES;
				CLANG_WARN_COMMA = YES;
				CLANG_WARN_CONSTANT_CONVERSION = YES;
				CLANG_WARN_CXX0X_EXTENSIONS = YES;
				CLANG_WARN_DEPRECATED_OBJC_IMPLEMENTATIONS = YES;
				CLANG_WARN_DIRECT_OBJC_ISA_USAGE = YES_ERROR;
				CLANG_WARN_DOCUMENTATION_COMMENTS = YES;
				CLANG_WARN_EMPTY_BODY = YES;
				CLANG_WARN_ENUM_CONVERSION = YES;
				CLANG_WARN_IMPLICIT_SIGN_CONVERSION = YES;
				CLANG_WARN_INFINITE_RECURSION = YES;
				CLANG_WARN_INT_CONVERSION = YES;
				CLANG_WARN_OBJC_EXPLICIT_OWNERSHIP_TYPE = YES;
				CLANG_WARN_OBJC_IMPLICIT_ATOMIC_PROPERTIES = YES;
				CLANG_WARN_OBJC_IMPLICIT_RETAIN_SELF = YES;
				CLANG_WARN_OBJC_MISSING_PROPERTY_SYNTHESIS = YES;
				CLANG_WARN_OBJC_REPEATED_USE_OF_WEAK = YES;
				CLANG_WARN_OBJC_ROOT_CLASS = YES_ERROR;
				CLANG_WARN_RANGE_LOOP_ANALYSIS = YES;
				CLANG_WARN_STRICT_PROTOTYPES = YES;
				CLANG_WARN_SUSPICIOUS_IMPLICIT_CONVERSION = YES;
				CLANG_WARN_SUSPICIOUS_MOVE = YES;
				CLANG_WARN_SUSPICIOUS_MOVES = YES;
				CLANG_WARN_UNREACHABLE_CODE = YES;
				CLANG_WARN__DUPLICATE_METHOD_MATCH = YES;
				CLANG_WARN__EXIT_TIME_DESTRUCTORS = YES;
				"CODE_SIGN_IDENTITY[sdk=iphoneos*]" = "iPhone Developer";
				COPY_PHASE_STRIP = NO;
				DEBUG_INFORMATION_FORMAT = dwarf;
				ENABLE_STRICT_OBJC_MSGSEND = YES;
				ENABLE_TESTABILITY = YES;
				GCC_C_LANGUAGE_STANDARD = gnu99;
				GCC_DYNAMIC_NO_PIC = NO;
				GCC_NO_COMMON_BLOCKS = YES;
				GCC_OPTIMIZATION_LEVEL = 0;
				GCC_PREPROCESSOR_DEFINITIONS = (
					"DEBUG=1",
					"$(inherited)",
				);
				GCC_TREAT_IMPLICIT_FUNCTION_DECLARATIONS_AS_ERRORS = YES;
				GCC_TREAT_INCOMPATIBLE_POINTER_TYPE_WARNINGS_AS_ERRORS = YES;
				GCC_WARN_64_TO_32_BIT_CONVERSION = YES;
				GCC_WARN_ABOUT_MISSING_FIELD_INITIALIZERS = YES;
				GCC_WARN_ABOUT_MISSING_NEWLINE = YES;
				GCC_WARN_ABOUT_MISSING_PROTOTYPES = YES;
				GCC_WARN_ABOUT_RETURN_TYPE = YES_ERROR;
				GCC_WARN_FOUR_CHARACTER_CONSTANTS = YES;
				GCC_WARN_HIDDEN_VIRTUAL_FUNCTIONS = YES;
				GCC_WARN_INITIALIZER_NOT_FULLY_BRACKETED = YES;
				GCC_WARN_NON_VIRTUAL_DESTRUCTOR = YES;
				GCC_WARN_SHADOW = YES;
				GCC_WARN_SIGN_COMPARE = YES;
				GCC_WARN_STRICT_SELECTOR_MATCH = YES;
				GCC_WARN_UNDECLARED_SELECTOR = YES;
				GCC_WARN_UNINITIALIZED_AUTOS = YES_AGGRESSIVE;
				GCC_WARN_UNKNOWN_PRAGMAS = YES;
				GCC_WARN_UNUSED_FUNCTION = YES;
				GCC_WARN_UNUSED_LABEL = YES;
				GCC_WARN_UNUSED_PARAMETER = YES;
				GCC_WARN_UNUSED_VARIABLE = YES;
				IPHONEOS_DEPLOYMENT_TARGET = 10.1;
				MTL_ENABLE_DEBUG_INFO = YES;
				ONLY_ACTIVE_ARCH = YES;
				RUN_CLANG_STATIC_ANALYZER = YES;
				SDKROOT = iphoneos;
				SWIFT_ACTIVE_COMPILATION_CONDITIONS = DEBUG;
				SWIFT_OPTIMIZATION_LEVEL = "-Onone";
				SWIFT_TREAT_WARNINGS_AS_ERRORS = YES;
				TARGETED_DEVICE_FAMILY = "1,2";
			};
			name = Debug;
		};
		CE12810F1DDB3C810077C763 /* Release */ = {
			isa = XCBuildConfiguration;
			buildSettings = {
				ALWAYS_SEARCH_USER_PATHS = NO;
				CLANG_ANALYZER_LOCALIZABILITY_EMPTY_CONTEXT = YES;
				CLANG_ANALYZER_LOCALIZABILITY_NONLOCALIZED = YES;
				CLANG_ANALYZER_NONNULL = YES;
				CLANG_ANALYZER_SECURITY_FLOATLOOPCOUNTER = YES;
				CLANG_ANALYZER_SECURITY_INSECUREAPI_RAND = YES;
				CLANG_ANALYZER_SECURITY_INSECUREAPI_STRCPY = YES;
				CLANG_CXX_LANGUAGE_STANDARD = "gnu++0x";
				CLANG_CXX_LIBRARY = "libc++";
				CLANG_ENABLE_MODULES = YES;
				CLANG_ENABLE_OBJC_ARC = YES;
				CLANG_WARN_ASSIGN_ENUM = YES;
				CLANG_WARN_BLOCK_CAPTURE_AUTORELEASING = YES;
				CLANG_WARN_BOOL_CONVERSION = YES;
				CLANG_WARN_COMMA = YES;
				CLANG_WARN_CONSTANT_CONVERSION = YES;
				CLANG_WARN_CXX0X_EXTENSIONS = YES;
				CLANG_WARN_DEPRECATED_OBJC_IMPLEMENTATIONS = YES;
				CLANG_WARN_DIRECT_OBJC_ISA_USAGE = YES_ERROR;
				CLANG_WARN_DOCUMENTATION_COMMENTS = YES;
				CLANG_WARN_EMPTY_BODY = YES;
				CLANG_WARN_ENUM_CONVERSION = YES;
				CLANG_WARN_IMPLICIT_SIGN_CONVERSION = YES;
				CLANG_WARN_INFINITE_RECURSION = YES;
				CLANG_WARN_INT_CONVERSION = YES;
				CLANG_WARN_OBJC_EXPLICIT_OWNERSHIP_TYPE = YES;
				CLANG_WARN_OBJC_IMPLICIT_ATOMIC_PROPERTIES = YES;
				CLANG_WARN_OBJC_IMPLICIT_RETAIN_SELF = YES;
				CLANG_WARN_OBJC_MISSING_PROPERTY_SYNTHESIS = YES;
				CLANG_WARN_OBJC_REPEATED_USE_OF_WEAK = YES;
				CLANG_WARN_OBJC_ROOT_CLASS = YES_ERROR;
				CLANG_WARN_RANGE_LOOP_ANALYSIS = YES;
				CLANG_WARN_STRICT_PROTOTYPES = YES;
				CLANG_WARN_SUSPICIOUS_IMPLICIT_CONVERSION = YES;
				CLANG_WARN_SUSPICIOUS_MOVE = YES;
				CLANG_WARN_SUSPICIOUS_MOVES = YES;
				CLANG_WARN_UNREACHABLE_CODE = YES;
				CLANG_WARN__DUPLICATE_METHOD_MATCH = YES;
				CLANG_WARN__EXIT_TIME_DESTRUCTORS = YES;
				"CODE_SIGN_IDENTITY[sdk=iphoneos*]" = "iPhone Developer";
				COPY_PHASE_STRIP = NO;
				DEBUG_INFORMATION_FORMAT = "dwarf-with-dsym";
				ENABLE_NS_ASSERTIONS = NO;
				ENABLE_STRICT_OBJC_MSGSEND = YES;
				GCC_C_LANGUAGE_STANDARD = gnu99;
				GCC_NO_COMMON_BLOCKS = YES;
				GCC_TREAT_IMPLICIT_FUNCTION_DECLARATIONS_AS_ERRORS = YES;
				GCC_TREAT_INCOMPATIBLE_POINTER_TYPE_WARNINGS_AS_ERRORS = YES;
				GCC_WARN_64_TO_32_BIT_CONVERSION = YES;
				GCC_WARN_ABOUT_MISSING_FIELD_INITIALIZERS = YES;
				GCC_WARN_ABOUT_MISSING_NEWLINE = YES;
				GCC_WARN_ABOUT_MISSING_PROTOTYPES = YES;
				GCC_WARN_ABOUT_RETURN_TYPE = YES_ERROR;
				GCC_WARN_FOUR_CHARACTER_CONSTANTS = YES;
				GCC_WARN_HIDDEN_VIRTUAL_FUNCTIONS = YES;
				GCC_WARN_INITIALIZER_NOT_FULLY_BRACKETED = YES;
				GCC_WARN_NON_VIRTUAL_DESTRUCTOR = YES;
				GCC_WARN_SHADOW = YES;
				GCC_WARN_SIGN_COMPARE = YES;
				GCC_WARN_STRICT_SELECTOR_MATCH = YES;
				GCC_WARN_UNDECLARED_SELECTOR = YES;
				GCC_WARN_UNINITIALIZED_AUTOS = YES_AGGRESSIVE;
				GCC_WARN_UNKNOWN_PRAGMAS = YES;
				GCC_WARN_UNUSED_FUNCTION = YES;
				GCC_WARN_UNUSED_LABEL = YES;
				GCC_WARN_UNUSED_PARAMETER = YES;
				GCC_WARN_UNUSED_VARIABLE = YES;
				IPHONEOS_DEPLOYMENT_TARGET = 10.1;
				MTL_ENABLE_DEBUG_INFO = NO;
				RUN_CLANG_STATIC_ANALYZER = YES;
				SDKROOT = iphoneos;
				SWIFT_OPTIMIZATION_LEVEL = "-Owholemodule";
				SWIFT_TREAT_WARNINGS_AS_ERRORS = YES;
				TARGETED_DEVICE_FAMILY = "1,2";
				VALIDATE_PRODUCT = YES;
			};
			name = Release;
		};
		CE1281111DDB3C810077C763 /* Debug */ = {
			isa = XCBuildConfiguration;
			buildSettings = {
				ASSETCATALOG_COMPILER_APPICON_NAME = AppIcon;
				DEVELOPMENT_TEAM = U57H59L9YQ;
				INFOPLIST_FILE = Dispatcher/Info.plist;
				LD_RUNPATH_SEARCH_PATHS = "$(inherited) @executable_path/Frameworks";
				PRODUCT_BUNDLE_IDENTIFIER = nick.savula.Dispatcher;
				PRODUCT_NAME = "$(TARGET_NAME)";
				SWIFT_SWIFT3_OBJC_INFERENCE = Default;
				SWIFT_VERSION = 4.0;
			};
			name = Debug;
		};
		CE1281121DDB3C810077C763 /* Release */ = {
			isa = XCBuildConfiguration;
			buildSettings = {
				ASSETCATALOG_COMPILER_APPICON_NAME = AppIcon;
				DEVELOPMENT_TEAM = U57H59L9YQ;
				INFOPLIST_FILE = Dispatcher/Info.plist;
				LD_RUNPATH_SEARCH_PATHS = "$(inherited) @executable_path/Frameworks";
				PRODUCT_BUNDLE_IDENTIFIER = nick.savula.Dispatcher;
				PRODUCT_NAME = "$(TARGET_NAME)";
				SWIFT_SWIFT3_OBJC_INFERENCE = Default;
				SWIFT_VERSION = 4.0;
			};
			name = Release;
		};
		CE1281141DDB3C810077C763 /* Debug */ = {
			isa = XCBuildConfiguration;
			buildSettings = {
				ALWAYS_EMBED_SWIFT_STANDARD_LIBRARIES = YES;
				BUNDLE_LOADER = "$(TEST_HOST)";
				INFOPLIST_FILE = DispatcherTests/Info.plist;
				LD_RUNPATH_SEARCH_PATHS = "$(inherited) @executable_path/Frameworks @loader_path/Frameworks";
				PRODUCT_BUNDLE_IDENTIFIER = nick.savula.DispatcherTests;
				PRODUCT_NAME = "$(TARGET_NAME)";
				SWIFT_SWIFT3_OBJC_INFERENCE = Default;
				SWIFT_VERSION = 4.0;
				TEST_HOST = "$(BUILT_PRODUCTS_DIR)/Dispatcher.app/Dispatcher";
			};
			name = Debug;
		};
		CE1281151DDB3C810077C763 /* Release */ = {
			isa = XCBuildConfiguration;
			buildSettings = {
				ALWAYS_EMBED_SWIFT_STANDARD_LIBRARIES = YES;
				BUNDLE_LOADER = "$(TEST_HOST)";
				INFOPLIST_FILE = DispatcherTests/Info.plist;
				LD_RUNPATH_SEARCH_PATHS = "$(inherited) @executable_path/Frameworks @loader_path/Frameworks";
				PRODUCT_BUNDLE_IDENTIFIER = nick.savula.DispatcherTests;
				PRODUCT_NAME = "$(TARGET_NAME)";
				SWIFT_SWIFT3_OBJC_INFERENCE = Default;
				SWIFT_VERSION = 4.0;
				TEST_HOST = "$(BUILT_PRODUCTS_DIR)/Dispatcher.app/Dispatcher";
			};
			name = Release;
		};
		CE1281171DDB3C810077C763 /* Debug */ = {
			isa = XCBuildConfiguration;
			buildSettings = {
				ALWAYS_EMBED_SWIFT_STANDARD_LIBRARIES = YES;
				INFOPLIST_FILE = DispatcherUITests/Info.plist;
				LD_RUNPATH_SEARCH_PATHS = "$(inherited) @executable_path/Frameworks @loader_path/Frameworks";
				PRODUCT_BUNDLE_IDENTIFIER = nick.savula.DispatcherUITests;
				PRODUCT_NAME = "$(TARGET_NAME)";
				SWIFT_SWIFT3_OBJC_INFERENCE = Default;
				SWIFT_VERSION = 4.0;
				TEST_TARGET_NAME = Dispatcher;
			};
			name = Debug;
		};
		CE1281181DDB3C810077C763 /* Release */ = {
			isa = XCBuildConfiguration;
			buildSettings = {
				ALWAYS_EMBED_SWIFT_STANDARD_LIBRARIES = YES;
				INFOPLIST_FILE = DispatcherUITests/Info.plist;
				LD_RUNPATH_SEARCH_PATHS = "$(inherited) @executable_path/Frameworks @loader_path/Frameworks";
				PRODUCT_BUNDLE_IDENTIFIER = nick.savula.DispatcherUITests;
				PRODUCT_NAME = "$(TARGET_NAME)";
				SWIFT_SWIFT3_OBJC_INFERENCE = Default;
				SWIFT_VERSION = 4.0;
				TEST_TARGET_NAME = Dispatcher;
			};
			name = Release;
		};
/* End XCBuildConfiguration section */

/* Begin XCConfigurationList section */
		CE1280E31DDB3C810077C763 /* Build configuration list for PBXProject "Dispatcher" */ = {
			isa = XCConfigurationList;
			buildConfigurations = (
				CE12810E1DDB3C810077C763 /* Debug */,
				CE12810F1DDB3C810077C763 /* Release */,
			);
			defaultConfigurationIsVisible = 0;
			defaultConfigurationName = Release;
		};
		CE1281101DDB3C810077C763 /* Build configuration list for PBXNativeTarget "Dispatcher" */ = {
			isa = XCConfigurationList;
			buildConfigurations = (
				CE1281111DDB3C810077C763 /* Debug */,
				CE1281121DDB3C810077C763 /* Release */,
			);
			defaultConfigurationIsVisible = 0;
			defaultConfigurationName = Release;
		};
		CE1281131DDB3C810077C763 /* Build configuration list for PBXNativeTarget "DispatcherTests" */ = {
			isa = XCConfigurationList;
			buildConfigurations = (
				CE1281141DDB3C810077C763 /* Debug */,
				CE1281151DDB3C810077C763 /* Release */,
			);
			defaultConfigurationIsVisible = 0;
			defaultConfigurationName = Release;
		};
		CE1281161DDB3C810077C763 /* Build configuration list for PBXNativeTarget "DispatcherUITests" */ = {
			isa = XCConfigurationList;
			buildConfigurations = (
				CE1281171DDB3C810077C763 /* Debug */,
				CE1281181DDB3C810077C763 /* Release */,
			);
			defaultConfigurationIsVisible = 0;
			defaultConfigurationName = Release;
		};
/* End XCConfigurationList section */

/* Begin XCVersionGroup section */
		CE369FEB2062709100817BE6 /* DataModel.xcdatamodeld */ = {
			isa = XCVersionGroup;
			children = (
				CE369FEC2062709100817BE6 /* DataModel.xcdatamodel */,
			);
			currentVersion = CE369FEC2062709100817BE6 /* DataModel.xcdatamodel */;
			path = DataModel.xcdatamodeld;
			sourceTree = "<group>";
			versionGroupType = wrapper.xcdatamodel;
		};
/* End XCVersionGroup section */
	};
	rootObject = CE1280E01DDB3C810077C763 /* Project object */;
}
